// !$*UTF8*$!
{
	archiveVersion = 1;
	classes = {
	};
	objectVersion = 46;
	objects = {

/* Begin PBXBuildFile section */
		5F7D51B31D3332090022F547 /* main.m in Sources */ = {isa = PBXBuildFile; fileRef = 5F7D51B21D3332090022F547 /* main.m */; };
		5F7D51B61D3332090022F547 /* AppDelegate.m in Sources */ = {isa = PBXBuildFile; fileRef = 5F7D51B51D3332090022F547 /* AppDelegate.m */; };
		5F7D51BC1D3332090022F547 /* Main.storyboard in Resources */ = {isa = PBXBuildFile; fileRef = 5F7D51BA1D3332090022F547 /* Main.storyboard */; };
		5F7D51BE1D3332090022F547 /* Assets.xcassets in Resources */ = {isa = PBXBuildFile; fileRef = 5F7D51BD1D3332090022F547 /* Assets.xcassets */; };
		5F7D51C11D3332090022F547 /* LaunchScreen.storyboard in Resources */ = {isa = PBXBuildFile; fileRef = 5F7D51BF1D3332090022F547 /* LaunchScreen.storyboard */; };
		5F7D51CE1D3337070022F547 /* TNavigationController.m in Sources */ = {isa = PBXBuildFile; fileRef = 5F7D51CD1D3337070022F547 /* TNavigationController.m */; settings = {ASSET_TAGS = (); }; };
/* End PBXBuildFile section */

/* Begin PBXFileReference section */
		5F7D51AE1D3332090022F547 /* PopTest.app */ = {isa = PBXFileReference; explicitFileType = wrapper.application; includeInIndex = 0; path = PopTest.app; sourceTree = BUILT_PRODUCTS_DIR; };
		5F7D51B21D3332090022F547 /* main.m */ = {isa = PBXFileReference; lastKnownFileType = sourcecode.c.objc; path = main.m; sourceTree = "<group>"; };
		5F7D51B41D3332090022F547 /* AppDelegate.h */ = {isa = PBXFileReference; lastKnownFileType = sourcecode.c.h; path = AppDelegate.h; sourceTree = "<group>"; };
		5F7D51B51D3332090022F547 /* AppDelegate.m */ = {isa = PBXFileReference; lastKnownFileType = sourcecode.c.objc; path = AppDelegate.m; sourceTree = "<group>"; };
		5F7D51BB1D3332090022F547 /* Base */ = {isa = PBXFileReference; lastKnownFileType = file.storyboard; name = Base; path = Base.lproj/Main.storyboard; sourceTree = "<group>"; };
		5F7D51BD1D3332090022F547 /* Assets.xcassets */ = {isa = PBXFileReference; lastKnownFileType = folder.assetcatalog; path = Assets.xcassets; sourceTree = "<group>"; };
		5F7D51C01D3332090022F547 /* Base */ = {isa = PBXFileReference; lastKnownFileType = file.storyboard; name = Base; path = Base.lproj/LaunchScreen.storyboard; sourceTree = "<group>"; };
		5F7D51C21D3332090022F547 /* Info.plist */ = {isa = PBXFileReference; lastKnownFileType = text.plist.xml; path = Info.plist; sourceTree = "<group>"; };
		5F7D51CC1D3337070022F547 /* TNavigationController.h */ = {isa = PBXFileReference; fileEncoding = 4; lastKnownFileType = sourcecode.c.h; path = TNavigationController.h; sourceTree = "<group>"; };
		5F7D51CD1D3337070022F547 /* TNavigationController.m */ = {isa = PBXFileReference; fileEncoding = 4; lastKnownFileType = sourcecode.c.objc; path = TNavigationController.m; sourceTree = "<group>"; };
/* End PBXFileReference section */

/* Begin PBXFrameworksBuildPhase section */
		5F7D51AB1D3332090022F547 /* Frameworks */ = {
			isa = PBXFrameworksBuildPhase;
			buildActionMask = 2147483647;
			files = (
			);
			runOnlyForDeploymentPostprocessing = 0;
		};
/* End PBXFrameworksBuildPhase section */

/* Begin PBXGroup section */
		5F7D51A51D3332090022F547 = {
			isa = PBXGroup;
			children = (
				5F7D51B01D3332090022F547 /* PopTest */,
				5F7D51AF1D3332090022F547 /* Products */,
			);
			sourceTree = "<group>";
		};
		5F7D51AF1D3332090022F547 /* Products */ = {
			isa = PBXGroup;
			children = (
				5F7D51AE1D3332090022F547 /* PopTest.app */,
			);
			name = Products;
			sourceTree = "<group>";
		};
		5F7D51B01D3332090022F547 /* PopTest */ = {
			isa = PBXGroup;
			children = (
				5F7D51CB1D3336E60022F547 /* Test */,
				5F7D51B41D3332090022F547 /* AppDelegate.h */,
				5F7D51B51D3332090022F547 /* AppDelegate.m */,
				5F7D51BA1D3332090022F547 /* Main.storyboard */,
				5F7D51BD1D3332090022F547 /* Assets.xcassets */,
				5F7D51BF1D3332090022F547 /* LaunchScreen.storyboard */,
				5F7D51C21D3332090022F547 /* Info.plist */,
				5F7D51B11D3332090022F547 /* Supporting Files */,
			);
			path = PopTest;
			sourceTree = "<group>";
		};
		5F7D51B11D3332090022F547 /* Supporting Files */ = {
			isa = PBXGroup;
			children = (
				5F7D51B21D3332090022F547 /* main.m */,
			);
			name = "Supporting Files";
			sourceTree = "<group>";
		};
		5F7D51CB1D3336E60022F547 /* Test */ = {
			isa = PBXGroup;
			children = (
				5F7D51CC1D3337070022F547 /* TNavigationController.h */,
				5F7D51CD1D3337070022F547 /* TNavigationController.m */,
			);
			name = Test;
			sourceTree = "<group>";
		};
/* End PBXGroup section */

/* Begin PBXNativeTarget section */
		5F7D51AD1D3332090022F547 /* PopTest */ = {
			isa = PBXNativeTarget;
			buildConfigurationList = 5F7D51C51D3332090022F547 /* Build configuration list for PBXNativeTarget "PopTest" */;
			buildPhases = (
				5F7D51AA1D3332090022F547 /* Sources */,
				5F7D51AB1D3332090022F547 /* Frameworks */,
				5F7D51AC1D3332090022F547 /* Resources */,
			);
			buildRules = (
			);
			dependencies = (
			);
			name = PopTest;
			productName = PopTest;
			productReference = 5F7D51AE1D3332090022F547 /* PopTest.app */;
			productType = "com.apple.product-type.application";
		};
/* End PBXNativeTarget section */

/* Begin PBXProject section */
		5F7D51A61D3332090022F547 /* Project object */ = {
			isa = PBXProject;
			attributes = {
				LastUpgradeCheck = 0700;
				ORGANIZATIONNAME = "路一枭";
				TargetAttributes = {
					5F7D51AD1D3332090022F547 = {
						CreatedOnToolsVersion = 7.0;
					};
				};
			};
			buildConfigurationList = 5F7D51A91D3332090022F547 /* Build configuration list for PBXProject "PopTest" */;
			compatibilityVersion = "Xcode 3.2";
			developmentRegion = English;
			hasScannedForEncodings = 0;
			knownRegions = (
				en,
				Base,
			);
			mainGroup = 5F7D51A51D3332090022F547;
			productRefGroup = 5F7D51AF1D3332090022F547 /* Products */;
			projectDirPath = "";
			projectRoot = "";
			targets = (
				5F7D51AD1D3332090022F547 /* PopTest */,
			);
		};
/* End PBXProject section */

/* Begin PBXResourcesBuildPhase section */
		5F7D51AC1D3332090022F547 /* Resources */ = {
			isa = PBXResourcesBuildPhase;
			buildActionMask = 2147483647;
			files = (
				5F7D51C11D3332090022F547 /* LaunchScreen.storyboard in Resources */,
				5F7D51BE1D3332090022F547 /* Assets.xcassets in Resources */,
				5F7D51BC1D3332090022F547 /* Main.storyboard in Resources */,
			);
			runOnlyForDeploymentPostprocessing = 0;
		};
/* End PBXResourcesBuildPhase section */

/* Begin PBXSourcesBuildPhase section */
		5F7D51AA1D3332090022F547 /* Sources */ = {
			isa = PBXSourcesBuildPhase;
			buildActionMask = 2147483647;
			files = (
				5F7D51B61D3332090022F547 /* AppDelegate.m in Sources */,
				5F7D51CE1D3337070022F547 /* TNavigationController.m in Sources */,
				5F7D51B31D3332090022F547 /* main.m in Sources */,
			);
			runOnlyForDeploymentPostprocessing = 0;
		};
/* End PBXSourcesBuildPhase section */

/* Begin PBXVariantGroup section */
		5F7D51BA1D3332090022F547 /* Main.storyboard */ = {
			isa = PBXVariantGroup;
			children = (
				5F7D51BB1D3332090022F547 /* Base */,
			);
			name = Main.storyboard;
			sourceTree = "<group>";
		};
		5F7D51BF1D3332090022F547 /* LaunchScreen.storyboard */ = {
			isa = PBXVariantGroup;
			children = (
				5F7D51C01D3332090022F547 /* Base */,
			);
			name = LaunchScreen.storyboard;
			sourceTree = "<group>";
		};
/* End PBXVariantGroup section */

/* Begin XCBuildConfiguration section */
		5F7D51C31D3332090022F547 /* Debug */ = {
			isa = XCBuildConfiguration;
			buildSettings = {
				ALWAYS_SEARCH_USER_PATHS = NO;
				CLANG_CXX_LANGUAGE_STANDARD = "gnu++0x";
				CLANG_CXX_LIBRARY = "libc++";
				CLANG_ENABLE_MODULES = YES;
				CLANG_ENABLE_OBJC_ARC = YES;
				CLANG_WARN_BOOL_CONVERSION = YES;
				CLANG_WARN_CONSTANT_CONVERSION = YES;
				CLANG_WARN_DIRECT_OBJC_ISA_USAGE = YES_ERROR;
				CLANG_WARN_EMPTY_BODY = YES;
				CLANG_WARN_ENUM_CONVERSION = YES;
				CLANG_WARN_INT_CONVERSION = YES;
				CLANG_WARN_OBJC_ROOT_CLASS = YES_ERROR;
				CLANG_WARN_UNREACHABLE_CODE = YES;
				CLANG_WARN__DUPLICATE_METHOD_MATCH = YES;
				"CODE_SIGN_IDENTITY[sdk=iphoneos*]" = "iPhone Developer";
				COPY_PHASE_STRIP = NO;
				DEBUG_INFORMATION_FORMAT = dwarf;
				ENABLE_STRICT_OBJC_MSGSEND = YES;
				ENABLE_TESTABILITY = YES;
				GCC_C_LANGUAGE_STANDARD = gnu99;
				GCC_DYNAMIC_NO_PIC = NO;
				GCC_NO_COMMON_BLOCKS = YES;
				GCC_OPTIMIZATION_LEVEL = 0;
				GCC_PREPROCESSOR_DEFINITIONS = (
					"DEBUG=1",
					"$(inherited)",
				);
				GCC_WARN_64_TO_32_BIT_CONVERSION = YES;
				GCC_WARN_ABOUT_RETURN_TYPE = YES_ERROR;
				GCC_WARN_UNDECLARED_SELECTOR = YES;
				GCC_WARN_UNINITIALIZED_AUTOS = YES_AGGRESSIVE;
				GCC_WARN_UNUSED_FUNCTION = YES;
				GCC_WARN_UNUSED_VARIABLE = YES;
				IPHONEOS_DEPLOYMENT_TARGET = 9.0;
				MTL_ENABLE_DEBUG_INFO = YES;
				ONLY_ACTIVE_ARCH = YES;
				SDKROOT = iphoneos;
			};
			name = Debug;
		};
		5F7D51C41D3332090022F547 /* Release */ = {
			isa = XCBuildConfiguration;
			buildSettings = {
				ALWAYS_SEARCH_USER_PATHS = NO;
				CLANG_CXX_LANGUAGE_STANDARD = "gnu++0x";
				CLANG_CXX_LIBRARY = "libc++";
				CLANG_ENABLE_MODULES = YES;
				CLANG_ENABLE_OBJC_ARC = YES;
				CLANG_WARN_BOOL_CONVERSION = YES;
				CLANG_WARN_CONSTANT_CONVERSION = YES;
				CLANG_WARN_DIRECT_OBJC_ISA_USAGE = YES_ERROR;
				CLANG_WARN_EMPTY_BODY = YES;
				CLANG_WARN_ENUM_CONVERSION = YES;
				CLANG_WARN_INT_CONVERSION = YES;
				CLANG_WARN_OBJC_ROOT_CLASS = YES_ERROR;
				CLANG_WARN_UNREACHABLE_CODE = YES;
				CLANG_WARN__DUPLICATE_METHOD_MATCH = YES;
				"CODE_SIGN_IDENTITY[sdk=iphoneos*]" = "iPhone Developer";
				COPY_PHASE_STRIP = NO;
				DEBUG_INFORMATION_FORMAT = "dwarf-with-dsym";
				ENABLE_NS_ASSERTIONS = NO;
				ENABLE_STRICT_OBJC_MSGSEND = YES;
				GCC_C_LANGUAGE_STANDARD = gnu99;
				GCC_NO_COMMON_BLOCKS = YES;
				GCC_WARN_64_TO_32_BIT_CONVERSION = YES;
				GCC_WARN_ABOUT_RETURN_TYPE = YES_ERROR;
				GCC_WARN_UNDECLARED_SELECTOR = YES;
				GCC_WARN_UNINITIALIZED_AUTOS = YES_AGGRESSIVE;
				GCC_WARN_UNUSED_FUNCTION = YES;
				GCC_WARN_UNUSED_VARIABLE = YES;
				IPHONEOS_DEPLOYMENT_TARGET = 9.0;
				MTL_ENABLE_DEBUG_INFO = NO;
				SDKROOT = iphoneos;
				VALIDATE_PRODUCT = YES;
			};
			name = Release;
		};
		5F7D51C61D3332090022F547 /* Debug */ = {
			isa = XCBuildConfiguration;
			buildSettings = {
				ASSETCATALOG_COMPILER_APPICON_NAME = AppIcon;
				INFOPLIST_FILE = PopTest/Info.plist;
				LD_RUNPATH_SEARCH_PATHS = "$(inherited) @executable_path/Frameworks";
				PRODUCT_BUNDLE_IDENTIFIER = com.1217.PopTest;
				PRODUCT_NAME = "$(TARGET_NAME)";
			};
			name = Debug;
		};
		5F7D51C71D3332090022F547 /* Release */ = {
			isa = XCBuildConfiguration;
			buildSettings = {
				ASSETCATALOG_COMPILER_APPICON_NAME = AppIcon;
				INFOPLIST_FILE = PopTest/Info.plist;
				LD_RUNPATH_SEARCH_PATHS = "$(inherited) @executable_path/Frameworks";
				PRODUCT_BUNDLE_IDENTIFIER = com.1217.PopTest;
				PRODUCT_NAME = "$(TARGET_NAME)";
			};
			name = Release;
		};
/* End XCBuildConfiguration section */

/* Begin XCConfigurationList section */
		5F7D51A91D3332090022F547 /* Build configuration list for PBXProject "PopTest" */ = {
			isa = XCConfigurationList;
			buildConfigurations = (
				5F7D51C31D3332090022F547 /* Debug */,
				5F7D51C41D3332090022F547 /* Release */,
			);
			defaultConfigurationIsVisible = 0;
			defaultConfigurationName = Release;
		};
		5F7D51C51D3332090022F547 /* Build configuration list for PBXNativeTarget "PopTest" */ = {
			isa = XCConfigurationList;
			buildConfigurations = (
				5F7D51C61D3332090022F547 /* Debug */,
				5F7D51C71D3332090022F547 /* Release */,
			);
			defaultConfigurationIsVisible = 0;
		};
/* End XCConfigurationList section */
	};
	rootObject = 5F7D51A61D3332090022F547 /* Project object */;
}
